
Microsoft Visual Studio Solution File, Format Version 12.00
# Visual Studio Version 17
VisualStudioVersion = 17.12.35514.174 d17.12
MinimumVisualStudioVersion = 10.0.40219.1
Project("{8BC9CEB8-8B4A-11D0-8D11-00A0C91BC942}") = "SampleModaApp", "SampleModaApp\SampleModaApp.vcxproj", "{56E9DA3C-BA71-4ABB-850D-5339902E86CC}"
EndProject
Project("{8BC9CEB8-8B4A-11D0-8D11-00A0C91BC942}") = "Moda", "Moda\Moda.vcxproj", "{B00D3169-6958-4CEB-8E88-8CF28E10CD52}"
EndProject
Global
	GlobalSection(SolutionConfigurationPlatforms) = preSolution
		Debug|x64 = Debug|x64
		Debug|x86 = Debug|x86
		Release|x64 = Release|x64
		Release|x86 = Release|x86
	EndGlobalSection
	GlobalSection(ProjectConfigurationPlatforms) = postSolution
		{56E9DA3C-BA71-4ABB-850D-5339902E86CC}.Debug|x64.ActiveCfg = Debug|x64
		{56E9DA3C-BA71-4ABB-850D-5339902E86CC}.Debug|x64.Build.0 = Debug|x64
		{56E9DA3C-BA71-4ABB-850D-5339902E86CC}.Debug|x86.ActiveCfg = Debug|Win32
		{56E9DA3C-BA71-4ABB-850D-5339902E86CC}.Debug|x86.Build.0 = Debug|Win32
		{56E9DA3C-BA71-4ABB-850D-5339902E86CC}.Release|x64.ActiveCfg = Release|x64
		{56E9DA3C-BA71-4ABB-850D-5339902E86CC}.Release|x64.Build.0 = Release|x64
		{56E9DA3C-BA71-4ABB-850D-5339902E86CC}.Release|x86.ActiveCfg = Release|Win32
		{56E9DA3C-BA71-4ABB-850D-5339902E86CC}.Release|x86.Build.0 = Release|Win32
		{B00D3169-6958-4CEB-8E88-8CF28E10CD52}.Debug|x64.ActiveCfg = Debug|x64
		{B00D3169-6958-4CEB-8E88-8CF28E10CD52}.Debug|x64.Build.0 = Debug|x64
		{B00D3169-6958-4CEB-8E88-8CF28E10CD52}.Debug|x86.ActiveCfg = Debug|Win32
		{B00D3169-6958-4CEB-8E88-8CF28E10CD52}.Debug|x86.Build.0 = Debug|Win32
		{B00D3169-6958-4CEB-8E88-8CF28E10CD52}.Release|x64.ActiveCfg = Release|x64
		{B00D3169-6958-4CEB-8E88-8CF28E10CD52}.Release|x64.Build.0 = Release|x64
		{B00D3169-6958-4CEB-8E88-8CF28E10CD52}.Release|x86.ActiveCfg = Release|Win32
		{B00D3169-6958-4CEB-8E88-8CF28E10CD52}.Release|x86.Build.0 = Release|Win32
	EndGlobalSection
	GlobalSection(SolutionProperties) = preSolution
		HideSolutionNode = FALSE
	EndGlobalSection
EndGlobal
